
Microsoft Visual Studio Solution File, Format Version 12.00
# Visual Studio Version 17
VisualStudioVersion = 17.3.32825.248
MinimumVisualStudioVersion = 10.0.40219.1
Project("{FAE04EC0-301F-11D3-BF4B-00C04F79EFBC}") = "Apples", "Apples\Apples.csproj", "{A0246702-B273-4C97-85AE-DAD5F3FA638F}"
EndProject
Project("{FAE04EC0-301F-11D3-BF4B-00C04F79EFBC}") = "Model", "Model\Model.csproj", "{4758908A-C3E6-4493-A02C-C2888133BEC1}"
EndProject
Project("{FAE04EC0-301F-11D3-BF4B-00C04F79EFBC}") = "Controller", "Controller\Controller.csproj", "{B3B1158F-A4C9-448C-87AA-5F8AF223E1E3}"
EndProject
Project("{FAE04EC0-301F-11D3-BF4B-00C04F79EFBC}") = "ControllerTest", "ControllerTest\ControllerTest.csproj", "{9ACEF064-79CC-42A4-BADA-AFF24EC9E731}"
EndProject
Global
	GlobalSection(SolutionConfigurationPlatforms) = preSolution
		Debug|Any CPU = Debug|Any CPU
		Release|Any CPU = Release|Any CPU
	EndGlobalSection
	GlobalSection(ProjectConfigurationPlatforms) = postSolution
		{A0246702-B273-4C97-85AE-DAD5F3FA638F}.Debug|Any CPU.ActiveCfg = Debug|Any CPU
		{A0246702-B273-4C97-85AE-DAD5F3FA638F}.Debug|Any CPU.Build.0 = Debug|Any CPU
		{A0246702-B273-4C97-85AE-DAD5F3FA638F}.Release|Any CPU.ActiveCfg = Release|Any CPU
		{A0246702-B273-4C97-85AE-DAD5F3FA638F}.Release|Any CPU.Build.0 = Release|Any CPU
		{4758908A-C3E6-4493-A02C-C2888133BEC1}.Debug|Any CPU.ActiveCfg = Debug|Any CPU
		{4758908A-C3E6-4493-A02C-C2888133BEC1}.Debug|Any CPU.Build.0 = Debug|Any CPU
		{4758908A-C3E6-4493-A02C-C2888133BEC1}.Release|Any CPU.ActiveCfg = Release|Any CPU
		{4758908A-C3E6-4493-A02C-C2888133BEC1}.Release|Any CPU.Build.0 = Release|Any CPU
		{B3B1158F-A4C9-448C-87AA-5F8AF223E1E3}.Debug|Any CPU.ActiveCfg = Debug|Any CPU
		{B3B1158F-A4C9-448C-87AA-5F8AF223E1E3}.Debug|Any CPU.Build.0 = Debug|Any CPU
		{B3B1158F-A4C9-448C-87AA-5F8AF223E1E3}.Release|Any CPU.ActiveCfg = Release|Any CPU
		{B3B1158F-A4C9-448C-87AA-5F8AF223E1E3}.Release|Any CPU.Build.0 = Release|Any CPU
		{9ACEF064-79CC-42A4-BADA-AFF24EC9E731}.Debug|Any CPU.ActiveCfg = Debug|Any CPU
		{9ACEF064-79CC-42A4-BADA-AFF24EC9E731}.Debug|Any CPU.Build.0 = Debug|Any CPU
		{9ACEF064-79CC-42A4-BADA-AFF24EC9E731}.Release|Any CPU.ActiveCfg = Release|Any CPU
		{9ACEF064-79CC-42A4-BADA-AFF24EC9E731}.Release|Any CPU.Build.0 = Release|Any CPU
	EndGlobalSection
	GlobalSection(SolutionProperties) = preSolution
		HideSolutionNode = FALSE
	EndGlobalSection
	GlobalSection(ExtensibilityGlobals) = postSolution
		SolutionGuid = {E2CC0534-BDD7-4BBA-9CF6-B96C549CB247}
	EndGlobalSection
EndGlobal
